
Microsoft Visual Studio Solution File, Format Version 12.00
# Visual Studio Version 16
VisualStudioVersion = 16.0.29926.136
MinimumVisualStudioVersion = 10.0.40219.1
Project("{FAE04EC0-301F-11D3-BF4B-00C04F79EFBC}") = "SynchronizerEX", "SynchronizerEX\SynchronizerEX.csproj", "{E8B845FF-B5B3-487B-8C06-4AD2677318C8}"
EndProject
Global
	GlobalSection(SolutionConfigurationPlatforms) = preSolution
		Debug|Any CPU = Debug|Any CPU
		Release|Any CPU = Release|Any CPU
	EndGlobalSection
	GlobalSection(ProjectConfigurationPlatforms) = postSolution
		{E8B845FF-B5B3-487B-8C06-4AD2677318C8}.Debug|Any CPU.ActiveCfg = Debug|Any CPU
		{E8B845FF-B5B3-487B-8C06-4AD2677318C8}.Debug|Any CPU.Build.0 = Debug|Any CPU
		{E8B845FF-B5B3-487B-8C06-4AD2677318C8}.Release|Any CPU.ActiveCfg = Release|Any CPU
		{E8B845FF-B5B3-487B-8C06-4AD2677318C8}.Release|Any CPU.Build.0 = Release|Any CPU
	EndGlobalSection
	GlobalSection(SolutionProperties) = preSolution
		HideSolutionNode = FALSE
	EndGlobalSection
	GlobalSection(ExtensibilityGlobals) = postSolution
		SolutionGuid = {22234D73-F6DD-45B3-B873-8CCE75FB0AA2}
	EndGlobalSection
EndGlobal
